
Microsoft Visual Studio Solution File, Format Version 12.00
Project("{FAE04EC0-301F-11D3-BF4B-00C04F79EFBC}") = "Api", "Api\Api.csproj", "{F5126CC0-BCBD-4C53-8047-7E1A189658F6}"
EndProject
Project("{FAE04EC0-301F-11D3-BF4B-00C04F79EFBC}") = "Contracts", "..\contracts\Contracts\Contracts.csproj", "{95D51F90-FF37-4338-B6E0-9C82E8CFC95E}"
EndProject
Project("{FAE04EC0-301F-11D3-BF4B-00C04F79EFBC}") = "Database", "..\database\Database\Database.csproj", "{3D4D9511-2987-4023-9695-31E1FAD112D9}"
EndProject
Global
	GlobalSection(SolutionConfigurationPlatforms) = preSolution
		Debug|Any CPU = Debug|Any CPU
		Debug|x64 = Debug|x64
		Debug|x86 = Debug|x86
		Release|Any CPU = Release|Any CPU
		Release|x64 = Release|x64
		Release|x86 = Release|x86
	EndGlobalSection
	GlobalSection(ProjectConfigurationPlatforms) = postSolution
		{F5126CC0-BCBD-4C53-8047-7E1A189658F6}.Debug|Any CPU.ActiveCfg = Debug|Any CPU
		{F5126CC0-BCBD-4C53-8047-7E1A189658F6}.Debug|Any CPU.Build.0 = Debug|Any CPU
		{F5126CC0-BCBD-4C53-8047-7E1A189658F6}.Debug|x64.ActiveCfg = Debug|Any CPU
		{F5126CC0-BCBD-4C53-8047-7E1A189658F6}.Debug|x64.Build.0 = Debug|Any CPU
		{F5126CC0-BCBD-4C53-8047-7E1A189658F6}.Debug|x86.ActiveCfg = Debug|Any CPU
		{F5126CC0-BCBD-4C53-8047-7E1A189658F6}.Debug|x86.Build.0 = Debug|Any CPU
		{F5126CC0-BCBD-4C53-8047-7E1A189658F6}.Release|Any CPU.ActiveCfg = Release|Any CPU
		{F5126CC0-BCBD-4C53-8047-7E1A189658F6}.Release|Any CPU.Build.0 = Release|Any CPU
		{F5126CC0-BCBD-4C53-8047-7E1A189658F6}.Release|x64.ActiveCfg = Release|Any CPU
		{F5126CC0-BCBD-4C53-8047-7E1A189658F6}.Release|x64.Build.0 = Release|Any CPU
		{F5126CC0-BCBD-4C53-8047-7E1A189658F6}.Release|x86.ActiveCfg = Release|Any CPU
		{F5126CC0-BCBD-4C53-8047-7E1A189658F6}.Release|x86.Build.0 = Release|Any CPU
		{95D51F90-FF37-4338-B6E0-9C82E8CFC95E}.Debug|Any CPU.ActiveCfg = Debug|Any CPU
		{95D51F90-FF37-4338-B6E0-9C82E8CFC95E}.Debug|Any CPU.Build.0 = Debug|Any CPU
		{95D51F90-FF37-4338-B6E0-9C82E8CFC95E}.Debug|x64.ActiveCfg = Debug|Any CPU
		{95D51F90-FF37-4338-B6E0-9C82E8CFC95E}.Debug|x64.Build.0 = Debug|Any CPU
		{95D51F90-FF37-4338-B6E0-9C82E8CFC95E}.Debug|x86.ActiveCfg = Debug|Any CPU
		{95D51F90-FF37-4338-B6E0-9C82E8CFC95E}.Debug|x86.Build.0 = Debug|Any CPU
		{95D51F90-FF37-4338-B6E0-9C82E8CFC95E}.Release|Any CPU.ActiveCfg = Release|Any CPU
		{95D51F90-FF37-4338-B6E0-9C82E8CFC95E}.Release|Any CPU.Build.0 = Release|Any CPU
		{95D51F90-FF37-4338-B6E0-9C82E8CFC95E}.Release|x64.ActiveCfg = Release|Any CPU
		{95D51F90-FF37-4338-B6E0-9C82E8CFC95E}.Release|x64.Build.0 = Release|Any CPU
		{95D51F90-FF37-4338-B6E0-9C82E8CFC95E}.Release|x86.ActiveCfg = Release|Any CPU
		{95D51F90-FF37-4338-B6E0-9C82E8CFC95E}.Release|x86.Build.0 = Release|Any CPU
		{3D4D9511-2987-4023-9695-31E1FAD112D9}.Debug|Any CPU.ActiveCfg = Debug|Any CPU
		{3D4D9511-2987-4023-9695-31E1FAD112D9}.Debug|Any CPU.Build.0 = Debug|Any CPU
		{3D4D9511-2987-4023-9695-31E1FAD112D9}.Debug|x64.ActiveCfg = Debug|Any CPU
		{3D4D9511-2987-4023-9695-31E1FAD112D9}.Debug|x64.Build.0 = Debug|Any CPU
		{3D4D9511-2987-4023-9695-31E1FAD112D9}.Debug|x86.ActiveCfg = Debug|Any CPU
		{3D4D9511-2987-4023-9695-31E1FAD112D9}.Debug|x86.Build.0 = Debug|Any CPU
		{3D4D9511-2987-4023-9695-31E1FAD112D9}.Release|Any CPU.ActiveCfg = Release|Any CPU
		{3D4D9511-2987-4023-9695-31E1FAD112D9}.Release|Any CPU.Build.0 = Release|Any CPU
		{3D4D9511-2987-4023-9695-31E1FAD112D9}.Release|x64.ActiveCfg = Release|Any CPU
		{3D4D9511-2987-4023-9695-31E1FAD112D9}.Release|x64.Build.0 = Release|Any CPU
		{3D4D9511-2987-4023-9695-31E1FAD112D9}.Release|x86.ActiveCfg = Release|Any CPU
		{3D4D9511-2987-4023-9695-31E1FAD112D9}.Release|x86.Build.0 = Release|Any CPU
	EndGlobalSection
	GlobalSection(SolutionProperties) = preSolution
		HideSolutionNode = FALSE
	EndGlobalSection
EndGlobal
