
Microsoft Visual Studio Solution File, Format Version 12.00
# Visual Studio Version 18
VisualStudioVersion = 18.9.12112.369 stable
MinimumVisualStudioVersion = 10.0.40219.1
Project("{FAE04EC0-301F-11D3-BF4B-00C04F79EFBC}") = "Api", "Api\Api.csproj", "{F5126CC0-BCBD-4C53-8047-7E1A189658F6}"
EndProject
Project("{FAE04EC0-301F-11D3-BF4B-00C04F79EFBC}") = "AccountService", "..\..\student-4\backend\AccountService\AccountService.csproj", "{9ED840B8-2C78-4C6A-BD6E-91A6B755B535}"
EndProject
Global
	GlobalSection(SolutionConfigurationPlatforms) = preSolution
		Debug|Any CPU = Debug|Any CPU
		Debug|x64 = Debug|x64
		Debug|x86 = Debug|x86
		Release|Any CPU = Release|Any CPU
		Release|x64 = Release|x64
		Release|x86 = Release|x86
	EndGlobalSection
	GlobalSection(ProjectConfigurationPlatforms) = postSolution
		{F5126CC0-BCBD-4C53-8047-7E1A189658F6}.Debug|Any CPU.ActiveCfg = Debug|Any CPU
		{F5126CC0-BCBD-4C53-8047-7E1A189658F6}.Debug|Any CPU.Build.0 = Debug|Any CPU
		{F5126CC0-BCBD-4C53-8047-7E1A189658F6}.Debug|x64.ActiveCfg = Debug|Any CPU
		{F5126CC0-BCBD-4C53-8047-7E1A189658F6}.Debug|x64.Build.0 = Debug|Any CPU
		{F5126CC0-BCBD-4C53-8047-7E1A189658F6}.Debug|x86.ActiveCfg = Debug|Any CPU
		{F5126CC0-BCBD-4C53-8047-7E1A189658F6}.Debug|x86.Build.0 = Debug|Any CPU
		{F5126CC0-BCBD-4C53-8047-7E1A189658F6}.Release|Any CPU.ActiveCfg = Release|Any CPU
		{F5126CC0-BCBD-4C53-8047-7E1A189658F6}.Release|Any CPU.Build.0 = Release|Any CPU
		{F5126CC0-BCBD-4C53-8047-7E1A189658F6}.Release|x64.ActiveCfg = Release|Any CPU
		{F5126CC0-BCBD-4C53-8047-7E1A189658F6}.Release|x64.Build.0 = Release|Any CPU
		{F5126CC0-BCBD-4C53-8047-7E1A189658F6}.Release|x86.ActiveCfg = Release|Any CPU
		{F5126CC0-BCBD-4C53-8047-7E1A189658F6}.Release|x86.Build.0 = Release|Any CPU
		{9ED840B8-2C78-4C6A-BD6E-91A6B755B535}.Debug|Any CPU.ActiveCfg = Debug|Any CPU
		{9ED840B8-2C78-4C6A-BD6E-91A6B755B535}.Debug|Any CPU.Build.0 = Debug|Any CPU
		{9ED840B8-2C78-4C6A-BD6E-91A6B755B535}.Debug|x64.ActiveCfg = Debug|Any CPU
		{9ED840B8-2C78-4C6A-BD6E-91A6B755B535}.Debug|x64.Build.0 = Debug|Any CPU
		{9ED840B8-2C78-4C6A-BD6E-91A6B755B535}.Debug|x86.ActiveCfg = Debug|Any CPU
		{9ED840B8-2C78-4C6A-BD6E-91A6B755B535}.Debug|x86.Build.0 = Debug|Any CPU
		{9ED840B8-2C78-4C6A-BD6E-91A6B755B535}.Release|Any CPU.ActiveCfg = Release|Any CPU
		{9ED840B8-2C78-4C6A-BD6E-91A6B755B535}.Release|Any CPU.Build.0 = Release|Any CPU
		{9ED840B8-2C78-4C6A-BD6E-91A6B755B535}.Release|x64.ActiveCfg = Release|Any CPU
		{9ED840B8-2C78-4C6A-BD6E-91A6B755B535}.Release|x64.Build.0 = Release|Any CPU
		{9ED840B8-2C78-4C6A-BD6E-91A6B755B535}.Release|x86.ActiveCfg = Release|Any CPU
		{9ED840B8-2C78-4C6A-BD6E-91A6B755B535}.Release|x86.Build.0 = Release|Any CPU
	EndGlobalSection
	GlobalSection(SolutionProperties) = preSolution
		HideSolutionNode = FALSE
	EndGlobalSection
	GlobalSection(ExtensibilityGlobals) = postSolution
		SolutionGuid = {796B8D04-02B5-4408-AF00-5F03C1A54CA2}
	EndGlobalSection
EndGlobal
